# This file is machine-generated by `gh actions-lock`.
# Do not edit by hand; run `gh actions-lock` to update.
# Docs: https://gh.io/actions-lockfile
version: 'v0.0.2'
workflows:
    '.github/workflows/autodeps.yml':
        - 'actions/checkout@v7.0.0'
        - 'actions/setup-python@v6.3.0'
    '.github/workflows/check-newsfragment.yml':
        - 'actions/checkout@v7.0.0'
    '.github/workflows/ci.yml':
        - 'actions/checkout@v7.0.0'
        - 'actions/setup-python@v6.3.0'
        - 'actions/upload-artifact@v7.0.1'
        - 'codecov/codecov-action@v7.0.0'
        - 're-actors/alls-green@release/v1'
        - 're-actors/checkout-python-sdist@release/v2'
dependencies:
    'actions/checkout@v7.0.0':
        ref: 'v7.0.0'
        commit: 'sha1-9c091bb21b7c1c1d1991bb908d89e4e9dddfe3e0'
        owner_id: 44036562
        repo_id: 197814629
    'actions/download-artifact@v4':
        ref: 'v4'
        commit: 'sha1-d3f86a106a0bac45b974a628896c90dbdf5c8093'
        owner_id: 44036562
        repo_id: 192626254
    'actions/github-script@ed597411d8f924073f98dfc5c65a23a2325f34cd':
        ref: 'v8.0.0'
        commit: 'sha1-ed597411d8f924073f98dfc5c65a23a2325f34cd'
        owner_id: 44036562
        repo_id: 205262760
    'actions/setup-python@v6.3.0':
        ref: 'v6.3.0'
        commit: 'sha1-ece7cb06caefa5fff74198d8649806c4678c61a1'
        owner_id: 44036562
        repo_id: 192625525
    'actions/upload-artifact@v7.0.1':
        ref: 'v7.0.1'
        commit: 'sha1-043fb46d1a93c77aae656e7c1c64a875d1fc6a0a'
        owner_id: 44036562
        repo_id: 192625955
    'codecov/codecov-action@v7.0.0':
        ref: 'v7.0.0'
        commit: 'sha1-fb8b3582c8e4def4969c97caa2f19720cb33a72f'
        owner_id: 8226205
        repo_id: 200299178
        uses:
            - 'actions/github-script@ed597411d8f924073f98dfc5c65a23a2325f34cd'
    're-actors/alls-green@release/v1':
        ref: 'release/v1'
        commit: 'sha1-05ac9388f0aebcb5727afa17fcccfecd6f8ec5fe'
        owner_id: 46427759
        repo_id: 434447646
    're-actors/checkout-python-sdist@release/v2':
        ref: 'release/v2'
        commit: 'sha1-187f55296b0f54d88259aaaf99af32ad3647d3bc'
        owner_id: 46427759
        repo_id: 435482837
        uses:
            - 'actions/download-artifact@v4'
